
Microsoft Visual Studio Solution File, Format Version 12.00
# Visual Studio Version 17
VisualStudioVersion = 17.8.34330.188
MinimumVisualStudioVersion = 10.0.40219.1
Project("{FAE04EC0-301F-11D3-BF4B-00C04F79EFBC}") = "ReactAPI", "ReactAPI.csproj", "{79D75FBE-2C10-4DDF-B9A6-393A8E297EB8}"
EndProject
Global
	GlobalSection(SolutionConfigurationPlatforms) = preSolution
		Debug|Any CPU = Debug|Any CPU
		Release|Any CPU = Release|Any CPU
	EndGlobalSection
	GlobalSection(ProjectConfigurationPlatforms) = postSolution
		{79D75FBE-2C10-4DDF-B9A6-393A8E297EB8}.Debug|Any CPU.ActiveCfg = Debug|Any CPU
		{79D75FBE-2C10-4DDF-B9A6-393A8E297EB8}.Debug|Any CPU.Build.0 = Debug|Any CPU
		{79D75FBE-2C10-4DDF-B9A6-393A8E297EB8}.Release|Any CPU.ActiveCfg = Release|Any CPU
		{79D75FBE-2C10-4DDF-B9A6-393A8E297EB8}.Release|Any CPU.Build.0 = Release|Any CPU
	EndGlobalSection
	GlobalSection(SolutionProperties) = preSolution
		HideSolutionNode = FALSE
	EndGlobalSection
	GlobalSection(ExtensibilityGlobals) = postSolution
		SolutionGuid = {316B9373-07C7-4535-9CEC-68B52FC1A3A9}
	EndGlobalSection
EndGlobal
